
Microsoft Visual Studio Solution File, Format Version 12.00
# Visual Studio Version 16
VisualStudioVersion = 16.0.29326.143
MinimumVisualStudioVersion = 10.0.40219.1
Project("{FAE04EC0-301F-11D3-BF4B-00C04F79EFBC}") = "Module3_3", "Module3_3\Module3_3.csproj", "{3947A20E-3F41-4BFE-9FD6-7336961A3AA2}"
EndProject
Global
	GlobalSection(SolutionConfigurationPlatforms) = preSolution
		Debug|Any CPU = Debug|Any CPU
		Release|Any CPU = Release|Any CPU
	EndGlobalSection
	GlobalSection(ProjectConfigurationPlatforms) = postSolution
		{3947A20E-3F41-4BFE-9FD6-7336961A3AA2}.Debug|Any CPU.ActiveCfg = Debug|Any CPU
		{3947A20E-3F41-4BFE-9FD6-7336961A3AA2}.Debug|Any CPU.Build.0 = Debug|Any CPU
		{3947A20E-3F41-4BFE-9FD6-7336961A3AA2}.Release|Any CPU.ActiveCfg = Release|Any CPU
		{3947A20E-3F41-4BFE-9FD6-7336961A3AA2}.Release|Any CPU.Build.0 = Release|Any CPU
	EndGlobalSection
	GlobalSection(SolutionProperties) = preSolution
		HideSolutionNode = FALSE
	EndGlobalSection
	GlobalSection(ExtensibilityGlobals) = postSolution
		SolutionGuid = {2C793268-911E-40AF-B1A4-7F25E99039C8}
	EndGlobalSection
EndGlobal
